Microsoft Visual Studio Solution File, Format Version 11.00
# Visual Studio 2008

Project("{06090FEF-F974-2B47-9875-EFAB4ED45264}") = "unity-topology", "Assembly-CSharp.csproj", "{996C7702-E808-6242-DE4A-00B37EC95D92}"
EndProject
Global
	GlobalSection(SolutionConfigurationPlatforms) = preSolution
		Debug|Any CPU = Debug|Any CPU
		Release|Any CPU = Release|Any CPU
	EndGlobalSection
	GlobalSection(ProjectConfigurationPlatforms) = postSolution
		{996C7702-E808-6242-DE4A-00B37EC95D92}.Debug|Any CPU.ActiveCfg = Debug|Any CPU
		{996C7702-E808-6242-DE4A-00B37EC95D92}.Debug|Any CPU.Build.0 = Debug|Any CPU
		{996C7702-E808-6242-DE4A-00B37EC95D92}.Release|Any CPU.ActiveCfg = Release|Any CPU
		{996C7702-E808-6242-DE4A-00B37EC95D92}.Release|Any CPU.Build.0 = Release|Any CPU
	EndGlobalSection
	GlobalSection(SolutionProperties) = preSolution
		HideSolutionNode = FALSE
	EndGlobalSection
	GlobalSection(MonoDevelopProperties) = preSolution
		StartupItem = Assembly-CSharp.csproj
	EndGlobalSection
EndGlobal
